
Microsoft Visual Studio Solution File, Format Version 12.00
# Visual Studio 15
VisualStudioVersion = 15.0.28307.1433
MinimumVisualStudioVersion = 10.0.40219.1
Project("{FAE04EC0-301F-11D3-BF4B-00C04F79EFBC}") = "Objects", "Objects\Objects.csproj", "{8D2EC139-7AC6-42A3-A0F0-DC39D89C368E}"
EndProject
Project("{FAE04EC0-301F-11D3-BF4B-00C04F79EFBC}") = "Tests", "Tests\Tests.csproj", "{27CDC199-19DB-4A8D-983F-B4CD9074BBC3}"
EndProject
Global
	GlobalSection(SolutionConfigurationPlatforms) = preSolution
		Debug|Any CPU = Debug|Any CPU
		Release|Any CPU = Release|Any CPU
	EndGlobalSection
	GlobalSection(ProjectConfigurationPlatforms) = postSolution
		{8D2EC139-7AC6-42A3-A0F0-DC39D89C368E}.Debug|Any CPU.ActiveCfg = Debug|Any CPU
		{8D2EC139-7AC6-42A3-A0F0-DC39D89C368E}.Debug|Any CPU.Build.0 = Debug|Any CPU
		{8D2EC139-7AC6-42A3-A0F0-DC39D89C368E}.Release|Any CPU.ActiveCfg = Release|Any CPU
		{8D2EC139-7AC6-42A3-A0F0-DC39D89C368E}.Release|Any CPU.Build.0 = Release|Any CPU
		{27CDC199-19DB-4A8D-983F-B4CD9074BBC3}.Debug|Any CPU.ActiveCfg = Debug|Any CPU
		{27CDC199-19DB-4A8D-983F-B4CD9074BBC3}.Debug|Any CPU.Build.0 = Debug|Any CPU
		{27CDC199-19DB-4A8D-983F-B4CD9074BBC3}.Release|Any CPU.ActiveCfg = Release|Any CPU
		{27CDC199-19DB-4A8D-983F-B4CD9074BBC3}.Release|Any CPU.Build.0 = Release|Any CPU
	EndGlobalSection
	GlobalSection(SolutionProperties) = preSolution
		HideSolutionNode = FALSE
	EndGlobalSection
	GlobalSection(ExtensibilityGlobals) = postSolution
		SolutionGuid = {1E6D3A1C-75B5-4CCA-9ADB-B5C403E73B25}
	EndGlobalSection
EndGlobal
